// !$*UTF8*$!
{
	archiveVersion = 1;
	classes = {
	};
	objectVersion = 55;
	objects = {

/* Begin PBXBuildFile section */
		3FEAFC2027914BF3002F6F9D /* GreetingPresentor.swift in Sources */ = {isa = PBXBuildFile; fileRef = 3FEAFC1F27914BF3002F6F9D /* GreetingPresentor.swift */; };
		3FEAFC2227914C08002F6F9D /* GreetingInteractor.swift in Sources */ = {isa = PBXBuildFile; fileRef = 3FEAFC2127914C08002F6F9D /* GreetingInteractor.swift */; };
		3FEAFC2427914C26002F6F9D /* GreetingConfigurator.swift in Sources */ = {isa = PBXBuildFile; fileRef = 3FEAFC2327914C26002F6F9D /* GreetingConfigurator.swift */; };
		3FFEED89278C06D20014671F /* AppDelegate.swift in Sources */ = {isa = PBXBuildFile; fileRef = 3FFEED88278C06D20014671F /* AppDelegate.swift */; };
		3FFEED8B278C06D20014671F /* SceneDelegate.swift in Sources */ = {isa = PBXBuildFile; fileRef = 3FFEED8A278C06D20014671F /* SceneDelegate.swift */; };
		3FFEED8D278C06D20014671F /* GreetingViewController.swift in Sources */ = {isa = PBXBuildFile; fileRef = 3FFEED8C278C06D20014671F /* GreetingViewController.swift */; };
		3FFEED90278C06D20014671F /* Main.storyboard in Resources */ = {isa = PBXBuildFile; fileRef = 3FFEED8E278C06D20014671F /* Main.storyboard */; };
		3FFEED92278C06D40014671F /* Assets.xcassets in Resources */ = {isa = PBXBuildFile; fileRef = 3FFEED91278C06D40014671F /* Assets.xcassets */; };
		3FFEED95278C06D40014671F /* LaunchScreen.storyboard in Resources */ = {isa = PBXBuildFile; fileRef = 3FFEED93278C06D40014671F /* LaunchScreen.storyboard */; };
		3FFEED9D278C09D30014671F /* Person.swift in Sources */ = {isa = PBXBuildFile; fileRef = 3FFEED9C278C09D30014671F /* Person.swift */; };
/* End PBXBuildFile section */

/* Begin PBXFileReference section */
		3FEAFC1F27914BF3002F6F9D /* GreetingPresentor.swift */ = {isa = PBXFileReference; lastKnownFileType = sourcecode.swift; path = GreetingPresentor.swift; sourceTree = "<group>"; };
		3FEAFC2127914C08002F6F9D /* GreetingInteractor.swift */ = {isa = PBXFileReference; lastKnownFileType = sourcecode.swift; path = GreetingInteractor.swift; sourceTree = "<group>"; };
		3FEAFC2327914C26002F6F9D /* GreetingConfigurator.swift */ = {isa = PBXFileReference; lastKnownFileType = sourcecode.swift; path = GreetingConfigurator.swift; sourceTree = "<group>"; };
		3FFEED85278C06D20014671F /* MV(X)Patterns.app */ = {isa = PBXFileReference; explicitFileType = wrapper.application; includeInIndex = 0; path = "MV(X)Patterns.app"; sourceTree = BUILT_PRODUCTS_DIR; };
		3FFEED88278C06D20014671F /* AppDelegate.swift */ = {isa = PBXFileReference; lastKnownFileType = sourcecode.swift; path = AppDelegate.swift; sourceTree = "<group>"; };
		3FFEED8A278C06D20014671F /* SceneDelegate.swift */ = {isa = PBXFileReference; lastKnownFileType = sourcecode.swift; path = SceneDelegate.swift; sourceTree = "<group>"; };
		3FFEED8C278C06D20014671F /* GreetingViewController.swift */ = {isa = PBXFileReference; lastKnownFileType = sourcecode.swift; path = GreetingViewController.swift; sourceTree = "<group>"; };
		3FFEED8F278C06D20014671F /* Base */ = {isa = PBXFileReference; lastKnownFileType = file.storyboard; name = Base; path = Base.lproj/Main.storyboard; sourceTree = "<group>"; };
		3FFEED91278C06D40014671F /* Assets.xcassets */ = {isa = PBXFileReference; lastKnownFileType = folder.assetcatalog; path = Assets.xcassets; sourceTree = "<group>"; };
		3FFEED94278C06D40014671F /* Base */ = {isa = PBXFileReference; lastKnownFileType = file.storyboard; name = Base; path = Base.lproj/LaunchScreen.storyboard; sourceTree = "<group>"; };
		3FFEED96278C06D40014671F /* Info.plist */ = {isa = PBXFileReference; lastKnownFileType = text.plist.xml; path = Info.plist; sourceTree = "<group>"; };
		3FFEED9C278C09D30014671F /* Person.swift */ = {isa = PBXFileReference; lastKnownFileType = sourcecode.swift; path = Person.swift; sourceTree = "<group>"; };
/* End PBXFileReference section */

/* Begin PBXFrameworksBuildPhase section */
		3FFEED82278C06D20014671F /* Frameworks */ = {
			isa = PBXFrameworksBuildPhase;
			buildActionMask = 2147483647;
			files = (
			);
			runOnlyForDeploymentPostprocessing = 0;
		};
/* End PBXFrameworksBuildPhase section */

/* Begin PBXGroup section */
		3FF32D4127914A6C005E043F /* Greeting */ = {
			isa = PBXGroup;
			children = (
				3FFEED8C278C06D20014671F /* GreetingViewController.swift */,
				3FEAFC1F27914BF3002F6F9D /* GreetingPresentor.swift */,
				3FEAFC2127914C08002F6F9D /* GreetingInteractor.swift */,
				3FEAFC2327914C26002F6F9D /* GreetingConfigurator.swift */,
			);
			path = Greeting;
			sourceTree = "<group>";
		};
		3FFEED7C278C06D20014671F = {
			isa = PBXGroup;
			children = (
				3FFEED87278C06D20014671F /* MV(X)Patterns */,
				3FFEED86278C06D20014671F /* Products */,
			);
			sourceTree = "<group>";
		};
		3FFEED86278C06D20014671F /* Products */ = {
			isa = PBXGroup;
			children = (
				3FFEED85278C06D20014671F /* MV(X)Patterns.app */,
			);
			name = Products;
			sourceTree = "<group>";
		};
		3FFEED87278C06D20014671F /* MV(X)Patterns */ = {
			isa = PBXGroup;
			children = (
				3FF32D4127914A6C005E043F /* Greeting */,
				3FFEED88278C06D20014671F /* AppDelegate.swift */,
				3FFEED8A278C06D20014671F /* SceneDelegate.swift */,
				3FFEED8E278C06D20014671F /* Main.storyboard */,
				3FFEED91278C06D40014671F /* Assets.xcassets */,
				3FFEED93278C06D40014671F /* LaunchScreen.storyboard */,
				3FFEED96278C06D40014671F /* Info.plist */,
				3FFEED9C278C09D30014671F /* Person.swift */,
			);
			path = "MV(X)Patterns";
			sourceTree = "<group>";
		};
/* End PBXGroup section */

/* Begin PBXNativeTarget section */
		3FFEED84278C06D20014671F /* MV(X)Patterns */ = {
			isa = PBXNativeTarget;
			buildConfigurationList = 3FFEED99278C06D40014671F /* Build configuration list for PBXNativeTarget "MV(X)Patterns" */;
			buildPhases = (
				3FFEED81278C06D20014671F /* Sources */,
				3FFEED82278C06D20014671F /* Frameworks */,
				3FFEED83278C06D20014671F /* Resources */,
			);
			buildRules = (
			);
			dependencies = (
			);
			name = "MV(X)Patterns";
			productName = "MV(X)Patterns";
			productReference = 3FFEED85278C06D20014671F /* MV(X)Patterns.app */;
			productType = "com.apple.product-type.application";
		};
/* End PBXNativeTarget section */

/* Begin PBXProject section */
		3FFEED7D278C06D20014671F /* Project object */ = {
			isa = PBXProject;
			attributes = {
				BuildIndependentTargetsInParallel = 1;
				LastSwiftUpdateCheck = 1300;
				LastUpgradeCheck = 1300;
				TargetAttributes = {
					3FFEED84278C06D20014671F = {
						CreatedOnToolsVersion = 13.0;
					};
				};
			};
			buildConfigurationList = 3FFEED80278C06D20014671F /* Build configuration list for PBXProject "MV(X)Patterns" */;
			compatibilityVersion = "Xcode 13.0";
			developmentRegion = en;
			hasScannedForEncodings = 0;
			knownRegions = (
				en,
				Base,
			);
			mainGroup = 3FFEED7C278C06D20014671F;
			productRefGroup = 3FFEED86278C06D20014671F /* Products */;
			projectDirPath = "";
			projectRoot = "";
			targets = (
				3FFEED84278C06D20014671F /* MV(X)Patterns */,
			);
		};
/* End PBXProject section */

/* Begin PBXResourcesBuildPhase section */
		3FFEED83278C06D20014671F /* Resources */ = {
			isa = PBXResourcesBuildPhase;
			buildActionMask = 2147483647;
			files = (
				3FFEED95278C06D40014671F /* LaunchScreen.storyboard in Resources */,
				3FFEED92278C06D40014671F /* Assets.xcassets in Resources */,
				3FFEED90278C06D20014671F /* Main.storyboard in Resources */,
			);
			runOnlyForDeploymentPostprocessing = 0;
		};
/* End PBXResourcesBuildPhase section */

/* Begin PBXSourcesBuildPhase section */
		3FFEED81278C06D20014671F /* Sources */ = {
			isa = PBXSourcesBuildPhase;
			buildActionMask = 2147483647;
			files = (
				3FEAFC2027914BF3002F6F9D /* GreetingPresentor.swift in Sources */,
				3FEAFC2227914C08002F6F9D /* GreetingInteractor.swift in Sources */,
				3FEAFC2427914C26002F6F9D /* GreetingConfigurator.swift in Sources */,
				3FFEED8D278C06D20014671F /* GreetingViewController.swift in Sources */,
				3FFEED89278C06D20014671F /* AppDelegate.swift in Sources */,
				3FFEED9D278C09D30014671F /* Person.swift in Sources */,
				3FFEED8B278C06D20014671F /* SceneDelegate.swift in Sources */,
			);
			runOnlyForDeploymentPostprocessing = 0;
		};
/* End PBXSourcesBuildPhase section */

/* Begin PBXVariantGroup section */
		3FFEED8E278C06D20014671F /* Main.storyboard */ = {
			isa = PBXVariantGroup;
			children = (
				3FFEED8F278C06D20014671F /* Base */,
			);
			name = Main.storyboard;
			sourceTree = "<group>";
		};
		3FFEED93278C06D40014671F /* LaunchScreen.storyboard */ = {
			isa = PBXVariantGroup;
			children = (
				3FFEED94278C06D40014671F /* Base */,
			);
			name = LaunchScreen.storyboard;
			sourceTree = "<group>";
		};
/* End PBXVariantGroup section */

/* Begin XCBuildConfiguration section */
		3FFEED97278C06D40014671F /* Debug */ = {
			isa = XCBuildConfiguration;
			buildSettings = {
				ALWAYS_SEARCH_USER_PATHS = NO;
				CLANG_ANALYZER_NONNULL = YES;
				CLANG_ANALYZER_NUMBER_OBJECT_CONVERSION = YES_AGGRESSIVE;
				CLANG_CXX_LANGUAGE_STANDARD = "gnu++17";
				CLANG_CXX_LIBRARY = "libc++";
				CLANG_ENABLE_MODULES = YES;
				CLANG_ENABLE_OBJC_ARC = YES;
				CLANG_ENABLE_OBJC_WEAK = YES;
				CLANG_WARN_BLOCK_CAPTURE_AUTORELEASING = YES;
				CLANG_WARN_BOOL_CONVERSION = YES;
				CLANG_WARN_COMMA = YES;
				CLANG_WARN_CONSTANT_CONVERSION = YES;
				CLANG_WARN_DEPRECATED_OBJC_IMPLEMENTATIONS = YES;
				CLANG_WARN_DIRECT_OBJC_ISA_USAGE = YES_ERROR;
				CLANG_WARN_DOCUMENTATION_COMMENTS = YES;
				CLANG_WARN_EMPTY_BODY = YES;
				CLANG_WARN_ENUM_CONVERSION = YES;
				CLANG_WARN_INFINITE_RECURSION = YES;
				CLANG_WARN_INT_CONVERSION = YES;
				CLANG_WARN_NON_LITERAL_NULL_CONVERSION = YES;
				CLANG_WARN_OBJC_IMPLICIT_RETAIN_SELF = YES;
				CLANG_WARN_OBJC_LITERAL_CONVERSION = YES;
				CLANG_WARN_OBJC_ROOT_CLASS = YES_ERROR;
				CLANG_WARN_QUOTED_INCLUDE_IN_FRAMEWORK_HEADER = YES;
				CLANG_WARN_RANGE_LOOP_ANALYSIS = YES;
				CLANG_WARN_STRICT_PROTOTYPES = YES;
				CLANG_WARN_SUSPICIOUS_MOVE = YES;
				CLANG_WARN_UNGUARDED_AVAILABILITY = YES_AGGRESSIVE;
				CLANG_WARN_UNREACHABLE_CODE = YES;
				CLANG_WARN__DUPLICATE_METHOD_MATCH = YES;
				COPY_PHASE_STRIP = NO;
				DEBUG_INFORMATION_FORMAT = dwarf;
				ENABLE_STRICT_OBJC_MSGSEND = YES;
				ENABLE_TESTABILITY = YES;
				GCC_C_LANGUAGE_STANDARD = gnu11;
				GCC_DYNAMIC_NO_PIC = NO;
				GCC_NO_COMMON_BLOCKS = YES;
				GCC_OPTIMIZATION_LEVEL = 0;
				GCC_PREPROCESSOR_DEFINITIONS = (
					"DEBUG=1",
					"$(inherited)",
				);
				GCC_WARN_64_TO_32_BIT_CONVERSION = YES;
				GCC_WARN_ABOUT_RETURN_TYPE = YES_ERROR;
				GCC_WARN_UNDECLARED_SELECTOR = YES;
				GCC_WARN_UNINITIALIZED_AUTOS = YES_AGGRESSIVE;
				GCC_WARN_UNUSED_FUNCTION = YES;
				GCC_WARN_UNUSED_VARIABLE = YES;
				IPHONEOS_DEPLOYMENT_TARGET = 15.0;
				MTL_ENABLE_DEBUG_INFO = INCLUDE_SOURCE;
				MTL_FAST_MATH = YES;
				ONLY_ACTIVE_ARCH = YES;
				SDKROOT = iphoneos;
				SWIFT_ACTIVE_COMPILATION_CONDITIONS = DEBUG;
				SWIFT_OPTIMIZATION_LEVEL = "-Onone";
			};
			name = Debug;
		};
		3FFEED98278C06D40014671F /* Release */ = {
			isa = XCBuildConfiguration;
			buildSettings = {
				ALWAYS_SEARCH_USER_PATHS = NO;
				CLANG_ANALYZER_NONNULL = YES;
				CLANG_ANALYZER_NUMBER_OBJECT_CONVERSION = YES_AGGRESSIVE;
				CLANG_CXX_LANGUAGE_STANDARD = "gnu++17";
				CLANG_CXX_LIBRARY = "libc++";
				CLANG_ENABLE_MODULES = YES;
				CLANG_ENABLE_OBJC_ARC = YES;
				CLANG_ENABLE_OBJC_WEAK = YES;
				CLANG_WARN_BLOCK_CAPTURE_AUTORELEASING = YES;
				CLANG_WARN_BOOL_CONVERSION = YES;
				CLANG_WARN_COMMA = YES;
				CLANG_WARN_CONSTANT_CONVERSION = YES;
				CLANG_WARN_DEPRECATED_OBJC_IMPLEMENTATIONS = YES;
				CLANG_WARN_DIRECT_OBJC_ISA_USAGE = YES_ERROR;
				CLANG_WARN_DOCUMENTATION_COMMENTS = YES;
				CLANG_WARN_EMPTY_BODY = YES;
				CLANG_WARN_ENUM_CONVERSION = YES;
				CLANG_WARN_INFINITE_RECURSION = YES;
				CLANG_WARN_INT_CONVERSION = YES;
				CLANG_WARN_NON_LITERAL_NULL_CONVERSION = YES;
				CLANG_WARN_OBJC_IMPLICIT_RETAIN_SELF = YES;
				CLANG_WARN_OBJC_LITERAL_CONVERSION = YES;
				CLANG_WARN_OBJC_ROOT_CLASS = YES_ERROR;
				CLANG_WARN_QUOTED_INCLUDE_IN_FRAMEWORK_HEADER = YES;
				CLANG_WARN_RANGE_LOOP_ANALYSIS = YES;
				CLANG_WARN_STRICT_PROTOTYPES = YES;
				CLANG_WARN_SUSPICIOUS_MOVE = YES;
				CLANG_WARN_UNGUARDED_AVAILABILITY = YES_AGGRESSIVE;
				CLANG_WARN_UNREACHABLE_CODE = YES;
				CLANG_WARN__DUPLICATE_METHOD_MATCH = YES;
				COPY_PHASE_STRIP = NO;
				DEBUG_INFORMATION_FORMAT = "dwarf-with-dsym";
				ENABLE_NS_ASSERTIONS = NO;
				ENABLE_STRICT_OBJC_MSGSEND = YES;
				GCC_C_LANGUAGE_STANDARD = gnu11;
				GCC_NO_COMMON_BLOCKS = YES;
				GCC_WARN_64_TO_32_BIT_CONVERSION = YES;
				GCC_WARN_ABOUT_RETURN_TYPE = YES_ERROR;
				GCC_WARN_UNDECLARED_SELECTOR = YES;
				GCC_WARN_UNINITIALIZED_AUTOS = YES_AGGRESSIVE;
				GCC_WARN_UNUSED_FUNCTION = YES;
				GCC_WARN_UNUSED_VARIABLE = YES;
				IPHONEOS_DEPLOYMENT_TARGET = 15.0;
				MTL_ENABLE_DEBUG_INFO = NO;
				MTL_FAST_MATH = YES;
				SDKROOT = iphoneos;
				SWIFT_COMPILATION_MODE = wholemodule;
				SWIFT_OPTIMIZATION_LEVEL = "-O";
				VALIDATE_PRODUCT = YES;
			};
			name = Release;
		};
		3FFEED9A278C06D40014671F /* Debug */ = {
			isa = XCBuildConfiguration;
			buildSettings = {
				ASSETCATALOG_COMPILER_APPICON_NAME = AppIcon;
				ASSETCATALOG_COMPILER_GLOBAL_ACCENT_COLOR_NAME = AccentColor;
				CODE_SIGN_STYLE = Automatic;
				CURRENT_PROJECT_VERSION = 1;
				DEVELOPMENT_TEAM = 7YZ28BX3VS;
				GENERATE_INFOPLIST_FILE = YES;
				INFOPLIST_FILE = "MV(X)Patterns/Info.plist";
				INFOPLIST_KEY_UIApplicationSupportsIndirectInputEvents = YES;
				INFOPLIST_KEY_UILaunchStoryboardName = LaunchScreen;
				INFOPLIST_KEY_UIMainStoryboardFile = Main;
				INFOPLIST_KEY_UISupportedInterfaceOrientations_iPad = "UIInterfaceOrientationPortrait UIInterfaceOrientationPortraitUpsideDown UIInterfaceOrientationLandscapeLeft UIInterfaceOrientationLandscapeRight";
				INFOPLIST_KEY_UISupportedInterfaceOrientations_iPhone = "UIInterfaceOrientationPortrait UIInterfaceOrientationLandscapeLeft UIInterfaceOrientationLandscapeRight";
				LD_RUNPATH_SEARCH_PATHS = (
					"$(inherited)",
					"@executable_path/Frameworks",
				);
				MARKETING_VERSION = 1.0;
				PRODUCT_BUNDLE_IDENTIFIER = "ru.aesergeev.MV-X-Patterns";
				PRODUCT_NAME = "$(TARGET_NAME)";
				SWIFT_EMIT_LOC_STRINGS = YES;
				SWIFT_VERSION = 5.0;
				TARGETED_DEVICE_FAMILY = "1,2";
			};
			name = Debug;
		};
		3FFEED9B278C06D40014671F /* Release */ = {
			isa = XCBuildConfiguration;
			buildSettings = {
				ASSETCATALOG_COMPILER_APPICON_NAME = AppIcon;
				ASSETCATALOG_COMPILER_GLOBAL_ACCENT_COLOR_NAME = AccentColor;
				CODE_SIGN_STYLE = Automatic;
				CURRENT_PROJECT_VERSION = 1;
				DEVELOPMENT_TEAM = 7YZ28BX3VS;
				GENERATE_INFOPLIST_FILE = YES;
				INFOPLIST_FILE = "MV(X)Patterns/Info.plist";
				INFOPLIST_KEY_UIApplicationSupportsIndirectInputEvents = YES;
				INFOPLIST_KEY_UILaunchStoryboardName = LaunchScreen;
				INFOPLIST_KEY_UIMainStoryboardFile = Main;
				INFOPLIST_KEY_UISupportedInterfaceOrientations_iPad = "UIInterfaceOrientationPortrait UIInterfaceOrientationPortraitUpsideDown UIInterfaceOrientationLandscapeLeft UIInterfaceOrientationLandscapeRight";
				INFOPLIST_KEY_UISupportedInterfaceOrientations_iPhone = "UIInterfaceOrientationPortrait UIInterfaceOrientationLandscapeLeft UIInterfaceOrientationLandscapeRight";
				LD_RUNPATH_SEARCH_PATHS = (
					"$(inherited)",
					"@executable_path/Frameworks",
				);
				MARKETING_VERSION = 1.0;
				PRODUCT_BUNDLE_IDENTIFIER = "ru.aesergeev.MV-X-Patterns";
				PRODUCT_NAME = "$(TARGET_NAME)";
				SWIFT_EMIT_LOC_STRINGS = YES;
				SWIFT_VERSION = 5.0;
				TARGETED_DEVICE_FAMILY = "1,2";
			};
			name = Release;
		};
/* End XCBuildConfiguration section */

/* Begin XCConfigurationList section */
		3FFEED80278C06D20014671F /* Build configuration list for PBXProject "MV(X)Patterns" */ = {
			isa = XCConfigurationList;
			buildConfigurations = (
				3FFEED97278C06D40014671F /* Debug */,
				3FFEED98278C06D40014671F /* Release */,
			);
			defaultConfigurationIsVisible = 0;
			defaultConfigurationName = Release;
		};
		3FFEED99278C06D40014671F /* Build configuration list for PBXNativeTarget "MV(X)Patterns" */ = {
			isa = XCConfigurationList;
			buildConfigurations = (
				3FFEED9A278C06D40014671F /* Debug */,
				3FFEED9B278C06D40014671F /* Release */,
			);
			defaultConfigurationIsVisible = 0;
			defaultConfigurationName = Release;
		};
/* End XCConfigurationList section */
	};
	rootObject = 3FFEED7D278C06D20014671F /* Project object */;
}
